
Microsoft Visual Studio Solution File, Format Version 12.00
# Visual Studio Version 17
VisualStudioVersion = 17.13.35931.197 d17.13
MinimumVisualStudioVersion = 10.0.40219.1
Project("{FAE04EC0-301F-11D3-BF4B-00C04F79EFBC}") = "WinCalcPro", "WinCalcPro\WinCalcPro.csproj", "{6220CEE7-E224-41CE-B903-D5FF3F5D3E00}"
EndProject
Global
	GlobalSection(SolutionConfigurationPlatforms) = preSolution
		Debug|Any CPU = Debug|Any CPU
		Release|Any CPU = Release|Any CPU
	EndGlobalSection
	GlobalSection(ProjectConfigurationPlatforms) = postSolution
		{6220CEE7-E224-41CE-B903-D5FF3F5D3E00}.Debug|Any CPU.ActiveCfg = Debug|Any CPU
		{6220CEE7-E224-41CE-B903-D5FF3F5D3E00}.Debug|Any CPU.Build.0 = Debug|Any CPU
		{6220CEE7-E224-41CE-B903-D5FF3F5D3E00}.Release|Any CPU.ActiveCfg = Release|Any CPU
		{6220CEE7-E224-41CE-B903-D5FF3F5D3E00}.Release|Any CPU.Build.0 = Release|Any CPU
	EndGlobalSection
	GlobalSection(SolutionProperties) = preSolution
		HideSolutionNode = FALSE
	EndGlobalSection
	GlobalSection(ExtensibilityGlobals) = postSolution
		SolutionGuid = {7F16FE5A-8185-4E24-8661-89996954CFB1}
	EndGlobalSection
EndGlobal
